
Microsoft Visual Studio Solution File, Format Version 12.00
# Visual Studio Version 16
VisualStudioVersion = 16.0.30711.63
MinimumVisualStudioVersion = 10.0.40219.1
Project("{FAE04EC0-301F-11D3-BF4B-00C04F79EFBC}") = "test", "test.csproj", "{F7C23D81-369B-4869-AFF4-C5F247BF6837}"
EndProject
Global
	GlobalSection(SolutionConfigurationPlatforms) = preSolution
		Debug|Any CPU = Debug|Any CPU
		Release|Any CPU = Release|Any CPU
	EndGlobalSection
	GlobalSection(ProjectConfigurationPlatforms) = postSolution
		{F7C23D81-369B-4869-AFF4-C5F247BF6837}.Debug|Any CPU.ActiveCfg = Debug|Any CPU
		{F7C23D81-369B-4869-AFF4-C5F247BF6837}.Debug|Any CPU.Build.0 = Debug|Any CPU
		{F7C23D81-369B-4869-AFF4-C5F247BF6837}.Release|Any CPU.ActiveCfg = Release|Any CPU
		{F7C23D81-369B-4869-AFF4-C5F247BF6837}.Release|Any CPU.Build.0 = Release|Any CPU
	EndGlobalSection
	GlobalSection(SolutionProperties) = preSolution
		HideSolutionNode = FALSE
	EndGlobalSection
	GlobalSection(ExtensibilityGlobals) = postSolution
		SolutionGuid = {823226EB-890B-41DF-98F7-00F6CD8CC3E9}
	EndGlobalSection
EndGlobal
